# This file is autogenerated, do not edit; changes may be undone by the next 'dep ensure'.


[[projects]]
  name = "github.com/pkg/errors"
  packages = ["."]
  revision = "645ef00459ed84a119197bfb8d8205042c6df63d"
  version = "v0.8.0"

[[projects]]
  branch = "v2"
  name = "gopkg.in/tucnak/telebot.v2"
  packages = ["."]
  revision = "743778f69e925ca80651235174e188793e7ed653"

[solve-meta]
  analyzer-name = "dep"
  analyzer-version = 1
  inputs-digest = "858c9974871fc0a5ccdf3e823695d755553885e9774151371f2f685ed9abf758"
  solver-name = "gps-cdcl"
  solver-version = 1
